
Microsoft Visual Studio Solution File, Format Version 12.00
# Visual Studio Version 16
VisualStudioVersion = 16.0.30011.22
MinimumVisualStudioVersion = 10.0.40219.1
Project("{8BC9CEB8-8B4A-11D0-8D11-00A0C91BC942}") = "MystackProject", "MystackProject\MystackProject.vcxproj", "{318252EC-BAFB-47E3-AF0C-2836C8C31BB4}"
EndProject
Project("{8BC9CEB8-8B4A-11D0-8D11-00A0C91BC942}") = "postfix_stack", "postfix_stack\postfix_stack.vcxproj", "{0A81DFFF-3F99-4A31-8BB8-DB06235CDDF2}"
EndProject
Project("{8BC9CEB8-8B4A-11D0-8D11-00A0C91BC942}") = "project1", "project1\project1.vcxproj", "{F113DEA2-3F5C-4F76-8F8B-0A922B76C8CA}"
EndProject
Project("{8BC9CEB8-8B4A-11D0-8D11-00A0C91BC942}") = "test", "test\test.vcxproj", "{99D1942E-78E4-4396-9C70-8D50F8DE9E22}"
EndProject
Project("{8BC9CEB8-8B4A-11D0-8D11-00A0C91BC942}") = "copy", "copy\copy.vcxproj", "{7596CA33-2598-4A2B-B489-A107D4119C71}"
EndProject
Project("{8BC9CEB8-8B4A-11D0-8D11-00A0C91BC942}") = "호현", "호현\호현.vcxproj", "{8E7E0D0E-8975-46DD-8B73-4E2A1DDF749A}"
EndProject
Global
	GlobalSection(SolutionConfigurationPlatforms) = preSolution
		Debug|x64 = Debug|x64
		Debug|x86 = Debug|x86
		Release|x64 = Release|x64
		Release|x86 = Release|x86
	EndGlobalSection
	GlobalSection(ProjectConfigurationPlatforms) = postSolution
		{318252EC-BAFB-47E3-AF0C-2836C8C31BB4}.Debug|x64.ActiveCfg = Debug|x64
		{318252EC-BAFB-47E3-AF0C-2836C8C31BB4}.Debug|x64.Build.0 = Debug|x64
		{318252EC-BAFB-47E3-AF0C-2836C8C31BB4}.Debug|x86.ActiveCfg = Debug|Win32
		{318252EC-BAFB-47E3-AF0C-2836C8C31BB4}.Debug|x86.Build.0 = Debug|Win32
		{318252EC-BAFB-47E3-AF0C-2836C8C31BB4}.Release|x64.ActiveCfg = Release|x64
		{318252EC-BAFB-47E3-AF0C-2836C8C31BB4}.Release|x64.Build.0 = Release|x64
		{318252EC-BAFB-47E3-AF0C-2836C8C31BB4}.Release|x86.ActiveCfg = Release|Win32
		{318252EC-BAFB-47E3-AF0C-2836C8C31BB4}.Release|x86.Build.0 = Release|Win32
		{0A81DFFF-3F99-4A31-8BB8-DB06235CDDF2}.Debug|x64.ActiveCfg = Debug|x64
		{0A81DFFF-3F99-4A31-8BB8-DB06235CDDF2}.Debug|x64.Build.0 = Debug|x64
		{0A81DFFF-3F99-4A31-8BB8-DB06235CDDF2}.Debug|x86.ActiveCfg = Debug|Win32
		{0A81DFFF-3F99-4A31-8BB8-DB06235CDDF2}.Debug|x86.Build.0 = Debug|Win32
		{0A81DFFF-3F99-4A31-8BB8-DB06235CDDF2}.Release|x64.ActiveCfg = Release|x64
		{0A81DFFF-3F99-4A31-8BB8-DB06235CDDF2}.Release|x64.Build.0 = Release|x64
		{0A81DFFF-3F99-4A31-8BB8-DB06235CDDF2}.Release|x86.ActiveCfg = Release|Win32
		{0A81DFFF-3F99-4A31-8BB8-DB06235CDDF2}.Release|x86.Build.0 = Release|Win32
		{F113DEA2-3F5C-4F76-8F8B-0A922B76C8CA}.Debug|x64.ActiveCfg = Debug|x64
		{F113DEA2-3F5C-4F76-8F8B-0A922B76C8CA}.Debug|x64.Build.0 = Debug|x64
		{F113DEA2-3F5C-4F76-8F8B-0A922B76C8CA}.Debug|x86.ActiveCfg = Debug|Win32
		{F113DEA2-3F5C-4F76-8F8B-0A922B76C8CA}.Debug|x86.Build.0 = Debug|Win32
		{F113DEA2-3F5C-4F76-8F8B-0A922B76C8CA}.Release|x64.ActiveCfg = Release|x64
		{F113DEA2-3F5C-4F76-8F8B-0A922B76C8CA}.Release|x64.Build.0 = Release|x64
		{F113DEA2-3F5C-4F76-8F8B-0A922B76C8CA}.Release|x86.ActiveCfg = Release|Win32
		{F113DEA2-3F5C-4F76-8F8B-0A922B76C8CA}.Release|x86.Build.0 = Release|Win32
		{99D1942E-78E4-4396-9C70-8D50F8DE9E22}.Debug|x64.ActiveCfg = Debug|x64
		{99D1942E-78E4-4396-9C70-8D50F8DE9E22}.Debug|x64.Build.0 = Debug|x64
		{99D1942E-78E4-4396-9C70-8D50F8DE9E22}.Debug|x86.ActiveCfg = Debug|Win32
		{99D1942E-78E4-4396-9C70-8D50F8DE9E22}.Debug|x86.Build.0 = Debug|Win32
		{99D1942E-78E4-4396-9C70-8D50F8DE9E22}.Release|x64.ActiveCfg = Release|x64
		{99D1942E-78E4-4396-9C70-8D50F8DE9E22}.Release|x64.Build.0 = Release|x64
		{99D1942E-78E4-4396-9C70-8D50F8DE9E22}.Release|x86.ActiveCfg = Release|Win32
		{99D1942E-78E4-4396-9C70-8D50F8DE9E22}.Release|x86.Build.0 = Release|Win32
		{7596CA33-2598-4A2B-B489-A107D4119C71}.Debug|x64.ActiveCfg = Debug|x64
		{7596CA33-2598-4A2B-B489-A107D4119C71}.Debug|x64.Build.0 = Debug|x64
		{7596CA33-2598-4A2B-B489-A107D4119C71}.Debug|x86.ActiveCfg = Debug|Win32
		{7596CA33-2598-4A2B-B489-A107D4119C71}.Debug|x86.Build.0 = Debug|Win32
		{7596CA33-2598-4A2B-B489-A107D4119C71}.Release|x64.ActiveCfg = Release|x64
		{7596CA33-2598-4A2B-B489-A107D4119C71}.Release|x64.Build.0 = Release|x64
		{7596CA33-2598-4A2B-B489-A107D4119C71}.Release|x86.ActiveCfg = Release|Win32
		{7596CA33-2598-4A2B-B489-A107D4119C71}.Release|x86.Build.0 = Release|Win32
		{8E7E0D0E-8975-46DD-8B73-4E2A1DDF749A}.Debug|x64.ActiveCfg = Debug|x64
		{8E7E0D0E-8975-46DD-8B73-4E2A1DDF749A}.Debug|x64.Build.0 = Debug|x64
		{8E7E0D0E-8975-46DD-8B73-4E2A1DDF749A}.Debug|x86.ActiveCfg = Debug|Win32
		{8E7E0D0E-8975-46DD-8B73-4E2A1DDF749A}.Debug|x86.Build.0 = Debug|Win32
		{8E7E0D0E-8975-46DD-8B73-4E2A1DDF749A}.Release|x64.ActiveCfg = Release|x64
		{8E7E0D0E-8975-46DD-8B73-4E2A1DDF749A}.Release|x64.Build.0 = Release|x64
		{8E7E0D0E-8975-46DD-8B73-4E2A1DDF749A}.Release|x86.ActiveCfg = Release|Win32
		{8E7E0D0E-8975-46DD-8B73-4E2A1DDF749A}.Release|x86.Build.0 = Release|Win32
	EndGlobalSection
	GlobalSection(SolutionProperties) = preSolution
		HideSolutionNode = FALSE
	EndGlobalSection
	GlobalSection(ExtensibilityGlobals) = postSolution
		SolutionGuid = {D62F4F03-ADD9-48BD-ADA5-BD433BAF9A48}
	EndGlobalSection
EndGlobal
